
Microsoft Visual Studio Solution File, Format Version 12.00
# Visual Studio 15
VisualStudioVersion = 15.0.28307.1062
MinimumVisualStudioVersion = 10.0.40219.1
Project("{8BC9CEB8-8B4A-11D0-8D11-00A0C91BC942}") = "xdf_demo", "xdf_demo\xdf_demo.vcxproj", "{5CC8EDD6-08A5-4552-8E41-86841FF0FB46}"
EndProject
Global
	GlobalSection(SolutionConfigurationPlatforms) = preSolution
		Debug|x64 = Debug|x64
		Debug|x86 = Debug|x86
		Release|x64 = Release|x64
		Release|x86 = Release|x86
	EndGlobalSection
	GlobalSection(ProjectConfigurationPlatforms) = postSolution
		{5CC8EDD6-08A5-4552-8E41-86841FF0FB46}.Debug|x64.ActiveCfg = Debug|x64
		{5CC8EDD6-08A5-4552-8E41-86841FF0FB46}.Debug|x64.Build.0 = Debug|x64
		{5CC8EDD6-08A5-4552-8E41-86841FF0FB46}.Debug|x86.ActiveCfg = Debug|Win32
		{5CC8EDD6-08A5-4552-8E41-86841FF0FB46}.Debug|x86.Build.0 = Debug|Win32
		{5CC8EDD6-08A5-4552-8E41-86841FF0FB46}.Release|x64.ActiveCfg = Release|x64
		{5CC8EDD6-08A5-4552-8E41-86841FF0FB46}.Release|x64.Build.0 = Release|x64
		{5CC8EDD6-08A5-4552-8E41-86841FF0FB46}.Release|x86.ActiveCfg = Release|Win32
		{5CC8EDD6-08A5-4552-8E41-86841FF0FB46}.Release|x86.Build.0 = Release|Win32
	EndGlobalSection
	GlobalSection(SolutionProperties) = preSolution
		HideSolutionNode = FALSE
	EndGlobalSection
	GlobalSection(ExtensibilityGlobals) = postSolution
		SolutionGuid = {B0F18C24-E6DA-4C4B-91AE-08741FA3A89F}
	EndGlobalSection
EndGlobal
